{
  "name": "@luckbox/eslint-rules",
  "version": "4.0.5",
  "lockfileVersion": 1,
  "requires": true,
  "dependencies": {
    "eslint-plugin-no-only-tests": {
      "version": "2.4.0",
      "resolved": "https://registry.npmjs.org/eslint-plugin-no-only-tests/-/eslint-plugin-no-only-tests-2.4.0.tgz",
      "integrity": "sha512-azP9PwQYfGtXJjW273nIxQH9Ygr+5/UyeW2wEjYoDtVYPI+WPKwbj0+qcAKYUXFZLRumq4HKkFaoDBAwBoXImQ==",
      "dev": true
    }
  }
}
